// !$*UTF8*$!
{
	archiveVersion = 1;
	classes = {
	};
	objectVersion = 56;
	objects = {

/* Begin PBXBuildFile section */
		AB104B422CDD9A52006365D3 /* GoogleService-Info.plist in Resources */ = {isa = PBXBuildFile; fileRef = AB104B412CDD9A52006365D3 /* GoogleService-Info.plist */; };
		AEB2A33E2C73D38000FE7572 /* cleanandchecked2App.swift in Sources */ = {isa = PBXBuildFile; fileRef = AEB2A33D2C73D38000FE7572 /* cleanandchecked2App.swift */; };
		AEB2A3402C73D38000FE7572 /* ContentView.swift in Sources */ = {isa = PBXBuildFile; fileRef = AEB2A33F2C73D38000FE7572 /* ContentView.swift */; };
		AEB2A3422C73D38200FE7572 /* Assets.xcassets in Resources */ = {isa = PBXBuildFile; fileRef = AEB2A3412C73D38200FE7572 /* Assets.xcassets */; };
		AEB2A3452C73D38200FE7572 /* Preview Assets.xcassets in Resources */ = {isa = PBXBuildFile; fileRef = AEB2A3442C73D38200FE7572 /* Preview Assets.xcassets */; };
		AEB2A3682C73D48A00FE7572 /* LoginViewModel.swift in Sources */ = {isa = PBXBuildFile; fileRef = AEB2A3672C73D48900FE7572 /* LoginViewModel.swift */; };
		AEB2A36C2C73D52700FE7572 /* FirebaseAuth in Frameworks */ = {isa = PBXBuildFile; productRef = AEB2A36B2C73D52700FE7572 /* FirebaseAuth */; };
		AEB2A36E2C73D52700FE7572 /* FirebaseFirestore in Frameworks */ = {isa = PBXBuildFile; productRef = AEB2A36D2C73D52700FE7572 /* FirebaseFirestore */; };
		AEB2A3702C73D52700FE7572 /* FirebaseFunctions in Frameworks */ = {isa = PBXBuildFile; productRef = AEB2A36F2C73D52700FE7572 /* FirebaseFunctions */; };
		AEB2A3722C73D52700FE7572 /* FirebaseStorage in Frameworks */ = {isa = PBXBuildFile; productRef = AEB2A3712C73D52700FE7572 /* FirebaseStorage */; };
		AEB2A3752C73D54800FE7572 /* GoogleSignIn in Frameworks */ = {isa = PBXBuildFile; productRef = AEB2A3742C73D54800FE7572 /* GoogleSignIn */; };
		AEB2A3772C73D54800FE7572 /* GoogleSignInSwift in Frameworks */ = {isa = PBXBuildFile; productRef = AEB2A3762C73D54800FE7572 /* GoogleSignInSwift */; };
/* End PBXBuildFile section */

/* Begin PBXFileReference section */
		AB104B402CDD7CF4006365D3 /* README.md */ = {isa = PBXFileReference; lastKnownFileType = net.daringfireball.markdown; name = README.md; path = ../README.md; sourceTree = SOURCE_ROOT; };
		AB104B412CDD9A52006365D3 /* GoogleService-Info.plist */ = {isa = PBXFileReference; lastKnownFileType = text.plist.xml; path = "GoogleService-Info.plist"; sourceTree = "<group>"; };
		AEB2A33A2C73D38000FE7572 /* cleanandchecked2.app */ = {isa = PBXFileReference; explicitFileType = wrapper.application; includeInIndex = 0; path = cleanandchecked2.app; sourceTree = BUILT_PRODUCTS_DIR; };
		AEB2A33D2C73D38000FE7572 /* cleanandchecked2App.swift */ = {isa = PBXFileReference; lastKnownFileType = sourcecode.swift; path = cleanandchecked2App.swift; sourceTree = "<group>"; };
		AEB2A33F2C73D38000FE7572 /* ContentView.swift */ = {isa = PBXFileReference; lastKnownFileType = sourcecode.swift; path = ContentView.swift; sourceTree = "<group>"; };
		AEB2A3412C73D38200FE7572 /* Assets.xcassets */ = {isa = PBXFileReference; lastKnownFileType = folder.assetcatalog; path = Assets.xcassets; sourceTree = "<group>"; };
		AEB2A3442C73D38200FE7572 /* Preview Assets.xcassets */ = {isa = PBXFileReference; lastKnownFileType = folder.assetcatalog; path = "Preview Assets.xcassets"; sourceTree = "<group>"; };
		AEB2A3672C73D48900FE7572 /* LoginViewModel.swift */ = {isa = PBXFileReference; lastKnownFileType = sourcecode.swift; path = LoginViewModel.swift; sourceTree = "<group>"; };
		AEB2A3692C73D4CD00FE7572 /* cleanandchecked2.entitlements */ = {isa = PBXFileReference; lastKnownFileType = text.plist.entitlements; path = cleanandchecked2.entitlements; sourceTree = "<group>"; };
		AEB2A3782C73D5AF00FE7572 /* Info.plist */ = {isa = PBXFileReference; lastKnownFileType = text.plist; path = Info.plist; sourceTree = "<group>"; };
/* End PBXFileReference section */

/* Begin PBXFrameworksBuildPhase section */
		AEB2A3372C73D38000FE7572 /* Frameworks */ = {
			isa = PBXFrameworksBuildPhase;
			buildActionMask = 2147483647;
			files = (
				AEB2A3752C73D54800FE7572 /* GoogleSignIn in Frameworks */,
				AEB2A3702C73D52700FE7572 /* FirebaseFunctions in Frameworks */,
				AEB2A3722C73D52700FE7572 /* FirebaseStorage in Frameworks */,
				AEB2A3772C73D54800FE7572 /* GoogleSignInSwift in Frameworks */,
				AEB2A36C2C73D52700FE7572 /* FirebaseAuth in Frameworks */,
				AEB2A36E2C73D52700FE7572 /* FirebaseFirestore in Frameworks */,
			);
			runOnlyForDeploymentPostprocessing = 0;
		};
/* End PBXFrameworksBuildPhase section */

/* Begin PBXGroup section */
		AEB2A3312C73D38000FE7572 = {
			isa = PBXGroup;
			children = (
				AB104B412CDD9A52006365D3 /* GoogleService-Info.plist */,
				AB104B402CDD7CF4006365D3 /* README.md */,
				AEB2A33C2C73D38000FE7572 /* cleanandchecked2 */,
				AEB2A33B2C73D38000FE7572 /* Products */,
			);
			sourceTree = "<group>";
		};
		AEB2A33B2C73D38000FE7572 /* Products */ = {
			isa = PBXGroup;
			children = (
				AEB2A33A2C73D38000FE7572 /* cleanandchecked2.app */,
			);
			name = Products;
			sourceTree = "<group>";
		};
		AEB2A33C2C73D38000FE7572 /* cleanandchecked2 */ = {
			isa = PBXGroup;
			children = (
				AEB2A3782C73D5AF00FE7572 /* Info.plist */,
				AEB2A3692C73D4CD00FE7572 /* cleanandchecked2.entitlements */,
				AEB2A33D2C73D38000FE7572 /* cleanandchecked2App.swift */,
				AEB2A33F2C73D38000FE7572 /* ContentView.swift */,
				AEB2A3672C73D48900FE7572 /* LoginViewModel.swift */,
				AEB2A3412C73D38200FE7572 /* Assets.xcassets */,
				AEB2A3432C73D38200FE7572 /* Preview Content */,
			);
			path = cleanandchecked2;
			sourceTree = "<group>";
		};
		AEB2A3432C73D38200FE7572 /* Preview Content */ = {
			isa = PBXGroup;
			children = (
				AEB2A3442C73D38200FE7572 /* Preview Assets.xcassets */,
			);
			path = "Preview Content";
			sourceTree = "<group>";
		};
/* End PBXGroup section */

/* Begin PBXNativeTarget section */
		AEB2A3392C73D38000FE7572 /* cleanandchecked2 */ = {
			isa = PBXNativeTarget;
			buildConfigurationList = AEB2A35E2C73D38200FE7572 /* Build configuration list for PBXNativeTarget "cleanandchecked2" */;
			buildPhases = (
				AEB2A3362C73D38000FE7572 /* Sources */,
				AEB2A3372C73D38000FE7572 /* Frameworks */,
				AEB2A3382C73D38000FE7572 /* Resources */,
			);
			buildRules = (
			);
			dependencies = (
			);
			name = cleanandchecked2;
			packageProductDependencies = (
				AEB2A36B2C73D52700FE7572 /* FirebaseAuth */,
				AEB2A36D2C73D52700FE7572 /* FirebaseFirestore */,
				AEB2A36F2C73D52700FE7572 /* FirebaseFunctions */,
				AEB2A3712C73D52700FE7572 /* FirebaseStorage */,
				AEB2A3742C73D54800FE7572 /* GoogleSignIn */,
				AEB2A3762C73D54800FE7572 /* GoogleSignInSwift */,
			);
			productName = cleanandchecked2;
			productReference = AEB2A33A2C73D38000FE7572 /* cleanandchecked2.app */;
			productType = "com.apple.product-type.application";
		};
/* End PBXNativeTarget section */

/* Begin PBXProject section */
		AEB2A3322C73D38000FE7572 /* Project object */ = {
			isa = PBXProject;
			attributes = {
				BuildIndependentTargetsInParallel = 1;
				LastSwiftUpdateCheck = 1540;
				LastUpgradeCheck = 1540;
				TargetAttributes = {
					AEB2A3392C73D38000FE7572 = {
						CreatedOnToolsVersion = 15.4;
					};
				};
			};
			buildConfigurationList = AEB2A3352C73D38000FE7572 /* Build configuration list for PBXProject "cleanandchecked2" */;
			compatibilityVersion = "Xcode 14.0";
			developmentRegion = en;
			hasScannedForEncodings = 0;
			knownRegions = (
				en,
				Base,
			);
			mainGroup = AEB2A3312C73D38000FE7572;
			packageReferences = (
				AEB2A36A2C73D52700FE7572 /* XCRemoteSwiftPackageReference "firebase-ios-sdk" */,
				AEB2A3732C73D54800FE7572 /* XCRemoteSwiftPackageReference "GoogleSignIn-iOS" */,
			);
			productRefGroup = AEB2A33B2C73D38000FE7572 /* Products */;
			projectDirPath = "";
			projectRoot = "";
			targets = (
				AEB2A3392C73D38000FE7572 /* cleanandchecked2 */,
			);
		};
/* End PBXProject section */

/* Begin PBXResourcesBuildPhase section */
		AEB2A3382C73D38000FE7572 /* Resources */ = {
			isa = PBXResourcesBuildPhase;
			buildActionMask = 2147483647;
			files = (
				AEB2A3452C73D38200FE7572 /* Preview Assets.xcassets in Resources */,
				AEB2A3422C73D38200FE7572 /* Assets.xcassets in Resources */,
				AB104B422CDD9A52006365D3 /* GoogleService-Info.plist in Resources */,
			);
			runOnlyForDeploymentPostprocessing = 0;
		};
/* End PBXResourcesBuildPhase section */

/* Begin PBXSourcesBuildPhase section */
		AEB2A3362C73D38000FE7572 /* Sources */ = {
			isa = PBXSourcesBuildPhase;
			buildActionMask = 2147483647;
			files = (
				AEB2A3402C73D38000FE7572 /* ContentView.swift in Sources */,
				AEB2A33E2C73D38000FE7572 /* cleanandchecked2App.swift in Sources */,
				AEB2A3682C73D48A00FE7572 /* LoginViewModel.swift in Sources */,
			);
			runOnlyForDeploymentPostprocessing = 0;
		};
/* End PBXSourcesBuildPhase section */

/* Begin XCBuildConfiguration section */
		AEB2A35C2C73D38200FE7572 /* Debug */ = {
			isa = XCBuildConfiguration;
			buildSettings = {
				ALWAYS_SEARCH_USER_PATHS = NO;
				ASSETCATALOG_COMPILER_GENERATE_SWIFT_ASSET_SYMBOL_EXTENSIONS = YES;
				CLANG_ANALYZER_NONNULL = YES;
				CLANG_ANALYZER_NUMBER_OBJECT_CONVERSION = YES_AGGRESSIVE;
				CLANG_CXX_LANGUAGE_STANDARD = "gnu++20";
				CLANG_ENABLE_MODULES = YES;
				CLANG_ENABLE_OBJC_ARC = YES;
				CLANG_ENABLE_OBJC_WEAK = YES;
				CLANG_WARN_BLOCK_CAPTURE_AUTORELEASING = YES;
				CLANG_WARN_BOOL_CONVERSION = YES;
				CLANG_WARN_COMMA = YES;
				CLANG_WARN_CONSTANT_CONVERSION = YES;
				CLANG_WARN_DEPRECATED_OBJC_IMPLEMENTATIONS = YES;
				CLANG_WARN_DIRECT_OBJC_ISA_USAGE = YES_ERROR;
				CLANG_WARN_DOCUMENTATION_COMMENTS = YES;
				CLANG_WARN_EMPTY_BODY = YES;
				CLANG_WARN_ENUM_CONVERSION = YES;
				CLANG_WARN_INFINITE_RECURSION = YES;
				CLANG_WARN_INT_CONVERSION = YES;
				CLANG_WARN_NON_LITERAL_NULL_CONVERSION = YES;
				CLANG_WARN_OBJC_IMPLICIT_RETAIN_SELF = YES;
				CLANG_WARN_OBJC_LITERAL_CONVERSION = YES;
				CLANG_WARN_OBJC_ROOT_CLASS = YES_ERROR;
				CLANG_WARN_QUOTED_INCLUDE_IN_FRAMEWORK_HEADER = YES;
				CLANG_WARN_RANGE_LOOP_ANALYSIS = YES;
				CLANG_WARN_STRICT_PROTOTYPES = YES;
				CLANG_WARN_SUSPICIOUS_MOVE = YES;
				CLANG_WARN_UNGUARDED_AVAILABILITY = YES_AGGRESSIVE;
				CLANG_WARN_UNREACHABLE_CODE = YES;
				CLANG_WARN__DUPLICATE_METHOD_MATCH = YES;
				COPY_PHASE_STRIP = NO;
				DEBUG_INFORMATION_FORMAT = dwarf;
				ENABLE_STRICT_OBJC_MSGSEND = YES;
				ENABLE_TESTABILITY = YES;
				ENABLE_USER_SCRIPT_SANDBOXING = YES;
				GCC_C_LANGUAGE_STANDARD = gnu17;
				GCC_DYNAMIC_NO_PIC = NO;
				GCC_NO_COMMON_BLOCKS = YES;
				GCC_OPTIMIZATION_LEVEL = 0;
				GCC_PREPROCESSOR_DEFINITIONS = (
					"DEBUG=1",
					"$(inherited)",
				);
				GCC_WARN_64_TO_32_BIT_CONVERSION = YES;
				GCC_WARN_ABOUT_RETURN_TYPE = YES_ERROR;
				GCC_WARN_UNDECLARED_SELECTOR = YES;
				GCC_WARN_UNINITIALIZED_AUTOS = YES_AGGRESSIVE;
				GCC_WARN_UNUSED_FUNCTION = YES;
				GCC_WARN_UNUSED_VARIABLE = YES;
				IPHONEOS_DEPLOYMENT_TARGET = 17.5;
				LOCALIZATION_PREFERS_STRING_CATALOGS = YES;
				MTL_ENABLE_DEBUG_INFO = INCLUDE_SOURCE;
				MTL_FAST_MATH = YES;
				ONLY_ACTIVE_ARCH = YES;
				SDKROOT = iphoneos;
				SWIFT_ACTIVE_COMPILATION_CONDITIONS = "DEBUG $(inherited)";
				SWIFT_OPTIMIZATION_LEVEL = "-Onone";
			};
			name = Debug;
		};
		AEB2A35D2C73D38200FE7572 /* Release */ = {
			isa = XCBuildConfiguration;
			buildSettings = {
				ALWAYS_SEARCH_USER_PATHS = NO;
				ASSETCATALOG_COMPILER_GENERATE_SWIFT_ASSET_SYMBOL_EXTENSIONS = YES;
				CLANG_ANALYZER_NONNULL = YES;
				CLANG_ANALYZER_NUMBER_OBJECT_CONVERSION = YES_AGGRESSIVE;
				CLANG_CXX_LANGUAGE_STANDARD = "gnu++20";
				CLANG_ENABLE_MODULES = YES;
				CLANG_ENABLE_OBJC_ARC = YES;
				CLANG_ENABLE_OBJC_WEAK = YES;
				CLANG_WARN_BLOCK_CAPTURE_AUTORELEASING = YES;
				CLANG_WARN_BOOL_CONVERSION = YES;
				CLANG_WARN_COMMA = YES;
				CLANG_WARN_CONSTANT_CONVERSION = YES;
				CLANG_WARN_DEPRECATED_OBJC_IMPLEMENTATIONS = YES;
				CLANG_WARN_DIRECT_OBJC_ISA_USAGE = YES_ERROR;
				CLANG_WARN_DOCUMENTATION_COMMENTS = YES;
				CLANG_WARN_EMPTY_BODY = YES;
				CLANG_WARN_ENUM_CONVERSION = YES;
				CLANG_WARN_INFINITE_RECURSION = YES;
				CLANG_WARN_INT_CONVERSION = YES;
				CLANG_WARN_NON_LITERAL_NULL_CONVERSION = YES;
				CLANG_WARN_OBJC_IMPLICIT_RETAIN_SELF = YES;
				CLANG_WARN_OBJC_LITERAL_CONVERSION = YES;
				CLANG_WARN_OBJC_ROOT_CLASS = YES_ERROR;
				CLANG_WARN_QUOTED_INCLUDE_IN_FRAMEWORK_HEADER = YES;
				CLANG_WARN_RANGE_LOOP_ANALYSIS = YES;
				CLANG_WARN_STRICT_PROTOTYPES = YES;
				CLANG_WARN_SUSPICIOUS_MOVE = YES;
				CLANG_WARN_UNGUARDED_AVAILABILITY = YES_AGGRESSIVE;
				CLANG_WARN_UNREACHABLE_CODE = YES;
				CLANG_WARN__DUPLICATE_METHOD_MATCH = YES;
				COPY_PHASE_STRIP = NO;
				DEBUG_INFORMATION_FORMAT = "dwarf-with-dsym";
				ENABLE_NS_ASSERTIONS = NO;
				ENABLE_STRICT_OBJC_MSGSEND = YES;
				ENABLE_USER_SCRIPT_SANDBOXING = YES;
				GCC_C_LANGUAGE_STANDARD = gnu17;
				GCC_NO_COMMON_BLOCKS = YES;
				GCC_WARN_64_TO_32_BIT_CONVERSION = YES;
				GCC_WARN_ABOUT_RETURN_TYPE = YES_ERROR;
				GCC_WARN_UNDECLARED_SELECTOR = YES;
				GCC_WARN_UNINITIALIZED_AUTOS = YES_AGGRESSIVE;
				GCC_WARN_UNUSED_FUNCTION = YES;
				GCC_WARN_UNUSED_VARIABLE = YES;
				IPHONEOS_DEPLOYMENT_TARGET = 17.5;
				LOCALIZATION_PREFERS_STRING_CATALOGS = YES;
				MTL_ENABLE_DEBUG_INFO = NO;
				MTL_FAST_MATH = YES;
				SDKROOT = iphoneos;
				SWIFT_COMPILATION_MODE = wholemodule;
				VALIDATE_PRODUCT = YES;
			};
			name = Release;
		};
		AEB2A35F2C73D38200FE7572 /* Debug */ = {
			isa = XCBuildConfiguration;
			buildSettings = {
				ASSETCATALOG_COMPILER_APPICON_NAME = AppIcon;
				ASSETCATALOG_COMPILER_GLOBAL_ACCENT_COLOR_NAME = AccentColor;
				CODE_SIGN_ENTITLEMENTS = cleanandchecked2/cleanandchecked2.entitlements;
				CODE_SIGN_STYLE = Automatic;
				CURRENT_PROJECT_VERSION = 2;
				DEVELOPMENT_ASSET_PATHS = "\"cleanandchecked2/Preview Content\"";
				DEVELOPMENT_TEAM = 3RCW2SSL8G;
				ENABLE_PREVIEWS = YES;
				GENERATE_INFOPLIST_FILE = YES;
				INFOPLIST_FILE = cleanandchecked2/Info.plist;
				INFOPLIST_KEY_CFBundleDisplayName = "C & C";
				INFOPLIST_KEY_LSApplicationCategoryType = "";
				INFOPLIST_KEY_NSCameraUsageDescription = "We need access to the camera to capture and analyze food labels for ingredient information";
				INFOPLIST_KEY_UIApplicationSceneManifest_Generation = YES;
				INFOPLIST_KEY_UIApplicationSupportsIndirectInputEvents = YES;
				INFOPLIST_KEY_UILaunchScreen_Generation = YES;
				INFOPLIST_KEY_UISupportedInterfaceOrientations_iPad = "UIInterfaceOrientationPortrait UIInterfaceOrientationPortraitUpsideDown UIInterfaceOrientationLandscapeLeft UIInterfaceOrientationLandscapeRight";
				INFOPLIST_KEY_UISupportedInterfaceOrientations_iPhone = "UIInterfaceOrientationPortrait UIInterfaceOrientationLandscapeLeft UIInterfaceOrientationLandscapeRight";
				LD_RUNPATH_SEARCH_PATHS = (
					"$(inherited)",
					"@executable_path/Frameworks",
				);
				MARKETING_VERSION = 2.1;
				PRODUCT_BUNDLE_IDENTIFIER = com.jht1900.cleanandchecked23;
				PRODUCT_NAME = "$(TARGET_NAME)";
				SUPPORTED_PLATFORMS = "iphoneos iphonesimulator";
				SUPPORTS_MACCATALYST = NO;
				SUPPORTS_MAC_DESIGNED_FOR_IPHONE_IPAD = NO;
				SUPPORTS_XR_DESIGNED_FOR_IPHONE_IPAD = NO;
				SWIFT_EMIT_LOC_STRINGS = YES;
				SWIFT_VERSION = 5.0;
				TARGETED_DEVICE_FAMILY = 1;
			};
			name = Debug;
		};
		AEB2A3602C73D38200FE7572 /* Release */ = {
			isa = XCBuildConfiguration;
			buildSettings = {
				ASSETCATALOG_COMPILER_APPICON_NAME = AppIcon;
				ASSETCATALOG_COMPILER_GLOBAL_ACCENT_COLOR_NAME = AccentColor;
				CODE_SIGN_ENTITLEMENTS = cleanandchecked2/cleanandchecked2.entitlements;
				CODE_SIGN_STYLE = Automatic;
				CURRENT_PROJECT_VERSION = 2;
				DEVELOPMENT_ASSET_PATHS = "\"cleanandchecked2/Preview Content\"";
				DEVELOPMENT_TEAM = 3RCW2SSL8G;
				ENABLE_PREVIEWS = YES;
				GENERATE_INFOPLIST_FILE = YES;
				INFOPLIST_FILE = cleanandchecked2/Info.plist;
				INFOPLIST_KEY_CFBundleDisplayName = "C & C";
				INFOPLIST_KEY_LSApplicationCategoryType = "";
				INFOPLIST_KEY_NSCameraUsageDescription = "We need access to the camera to capture and analyze food labels for ingredient information";
				INFOPLIST_KEY_UIApplicationSceneManifest_Generation = YES;
				INFOPLIST_KEY_UIApplicationSupportsIndirectInputEvents = YES;
				INFOPLIST_KEY_UILaunchScreen_Generation = YES;
				INFOPLIST_KEY_UISupportedInterfaceOrientations_iPad = "UIInterfaceOrientationPortrait UIInterfaceOrientationPortraitUpsideDown UIInterfaceOrientationLandscapeLeft UIInterfaceOrientationLandscapeRight";
				INFOPLIST_KEY_UISupportedInterfaceOrientations_iPhone = "UIInterfaceOrientationPortrait UIInterfaceOrientationLandscapeLeft UIInterfaceOrientationLandscapeRight";
				LD_RUNPATH_SEARCH_PATHS = (
					"$(inherited)",
					"@executable_path/Frameworks",
				);
				MARKETING_VERSION = 2.1;
				PRODUCT_BUNDLE_IDENTIFIER = com.jht1900.cleanandchecked23;
				PRODUCT_NAME = "$(TARGET_NAME)";
				SUPPORTED_PLATFORMS = "iphoneos iphonesimulator";
				SUPPORTS_MACCATALYST = NO;
				SUPPORTS_MAC_DESIGNED_FOR_IPHONE_IPAD = NO;
				SUPPORTS_XR_DESIGNED_FOR_IPHONE_IPAD = NO;
				SWIFT_EMIT_LOC_STRINGS = YES;
				SWIFT_VERSION = 5.0;
				TARGETED_DEVICE_FAMILY = 1;
			};
			name = Release;
		};
/* End XCBuildConfiguration section */

/* Begin XCConfigurationList section */
		AEB2A3352C73D38000FE7572 /* Build configuration list for PBXProject "cleanandchecked2" */ = {
			isa = XCConfigurationList;
			buildConfigurations = (
				AEB2A35C2C73D38200FE7572 /* Debug */,
				AEB2A35D2C73D38200FE7572 /* Release */,
			);
			defaultConfigurationIsVisible = 0;
			defaultConfigurationName = Release;
		};
		AEB2A35E2C73D38200FE7572 /* Build configuration list for PBXNativeTarget "cleanandchecked2" */ = {
			isa = XCConfigurationList;
			buildConfigurations = (
				AEB2A35F2C73D38200FE7572 /* Debug */,
				AEB2A3602C73D38200FE7572 /* Release */,
			);
			defaultConfigurationIsVisible = 0;
			defaultConfigurationName = Release;
		};
/* End XCConfigurationList section */

/* Begin XCRemoteSwiftPackageReference section */
		AEB2A36A2C73D52700FE7572 /* XCRemoteSwiftPackageReference "firebase-ios-sdk" */ = {
			isa = XCRemoteSwiftPackageReference;
			repositoryURL = "https://github.com/firebase/firebase-ios-sdk";
			requirement = {
				kind = upToNextMajorVersion;
				minimumVersion = 11.1.0;
			};
		};
		AEB2A3732C73D54800FE7572 /* XCRemoteSwiftPackageReference "GoogleSignIn-iOS" */ = {
			isa = XCRemoteSwiftPackageReference;
			repositoryURL = "https://github.com/google/GoogleSignIn-iOS";
			requirement = {
				kind = upToNextMajorVersion;
				minimumVersion = 8.0.0;
			};
		};
/* End XCRemoteSwiftPackageReference section */

/* Begin XCSwiftPackageProductDependency section */
		AEB2A36B2C73D52700FE7572 /* FirebaseAuth */ = {
			isa = XCSwiftPackageProductDependency;
			package = AEB2A36A2C73D52700FE7572 /* XCRemoteSwiftPackageReference "firebase-ios-sdk" */;
			productName = FirebaseAuth;
		};
		AEB2A36D2C73D52700FE7572 /* FirebaseFirestore */ = {
			isa = XCSwiftPackageProductDependency;
			package = AEB2A36A2C73D52700FE7572 /* XCRemoteSwiftPackageReference "firebase-ios-sdk" */;
			productName = FirebaseFirestore;
		};
		AEB2A36F2C73D52700FE7572 /* FirebaseFunctions */ = {
			isa = XCSwiftPackageProductDependency;
			package = AEB2A36A2C73D52700FE7572 /* XCRemoteSwiftPackageReference "firebase-ios-sdk" */;
			productName = FirebaseFunctions;
		};
		AEB2A3712C73D52700FE7572 /* FirebaseStorage */ = {
			isa = XCSwiftPackageProductDependency;
			package = AEB2A36A2C73D52700FE7572 /* XCRemoteSwiftPackageReference "firebase-ios-sdk" */;
			productName = FirebaseStorage;
		};
		AEB2A3742C73D54800FE7572 /* GoogleSignIn */ = {
			isa = XCSwiftPackageProductDependency;
			package = AEB2A3732C73D54800FE7572 /* XCRemoteSwiftPackageReference "GoogleSignIn-iOS" */;
			productName = GoogleSignIn;
		};
		AEB2A3762C73D54800FE7572 /* GoogleSignInSwift */ = {
			isa = XCSwiftPackageProductDependency;
			package = AEB2A3732C73D54800FE7572 /* XCRemoteSwiftPackageReference "GoogleSignIn-iOS" */;
			productName = GoogleSignInSwift;
		};
/* End XCSwiftPackageProductDependency section */
	};
	rootObject = AEB2A3322C73D38000FE7572 /* Project object */;
}
